
Microsoft Visual Studio Solution File, Format Version 12.00
# Visual Studio Version 16
VisualStudioVersion = 16.0.30413.136
MinimumVisualStudioVersion = 10.0.40219.1
Project("{FAE04EC0-301F-11D3-BF4B-00C04F79EFBC}") = "0", "0\0.csproj", "{0EC0B63B-0921-4F46-8B89-B835CE19F54A}"
EndProject
Global
	GlobalSection(SolutionConfigurationPlatforms) = preSolution
		Debug|Any CPU = Debug|Any CPU
		Release|Any CPU = Release|Any CPU
	EndGlobalSection
	GlobalSection(ProjectConfigurationPlatforms) = postSolution
		{0EC0B63B-0921-4F46-8B89-B835CE19F54A}.Debug|Any CPU.ActiveCfg = Debug|Any CPU
		{0EC0B63B-0921-4F46-8B89-B835CE19F54A}.Debug|Any CPU.Build.0 = Debug|Any CPU
		{0EC0B63B-0921-4F46-8B89-B835CE19F54A}.Release|Any CPU.ActiveCfg = Release|Any CPU
		{0EC0B63B-0921-4F46-8B89-B835CE19F54A}.Release|Any CPU.Build.0 = Release|Any CPU
	EndGlobalSection
	GlobalSection(SolutionProperties) = preSolution
		HideSolutionNode = FALSE
	EndGlobalSection
	GlobalSection(ExtensibilityGlobals) = postSolution
		SolutionGuid = {685EC7D6-6975-45D3-8F5A-5656853FC0DA}
	EndGlobalSection
EndGlobal
